{
  "name": "bilibili-client",
  "version": "1.0.0",
  "lockfileVersion": 1,
  "requires": true,
  "dependencies": {
    "conf": {
      "version": "1.3.1",
      "resolved": "http://registry.npm.taobao.org/conf/download/conf-1.3.1.tgz",
      "integrity": "sha1-gpqCsIG7NVEpmSMzvhWY95elb1g=",
      "requires": {
        "dot-prop": "4.2.0",
        "env-paths": "1.0.0",
        "make-dir": "1.1.0",
        "pkg-up": "2.0.0",
        "write-file-atomic": "2.3.0"
      }
    },
    "debug": {
      "version": "2.6.9",
      "resolved": "http://registry.npm.taobao.org/debug/download/debug-2.6.9.tgz",
      "integrity": "sha1-XRKFFd8TT/Mn6QpMk/Tgd6U2NB8=",
      "requires": {
        "ms": "2.0.0"
      }
    },
    "dot-prop": {
      "version": "4.2.0",
      "resolved": "http://registry.npm.taobao.org/dot-prop/download/dot-prop-4.2.0.tgz",
      "integrity": "sha1-HxngwuGqDjJ5fEl5nyg3rGr2nFc=",
      "requires": {
        "is-obj": "1.0.1"
      }
    },
    "electron-config": {
      "version": "1.0.0",
      "resolved": "http://registry.npm.taobao.org/electron-config/download/electron-config-1.0.0.tgz",
      "integrity": "sha1-Bp0ETMeU8EeErnLxKRZyXTyMOa8=",
      "requires": {
        "conf": "1.3.1"
      }
    },
    "electron-debug": {
      "version": "1.4.0",
      "resolved": "http://registry.npm.taobao.org/electron-debug/download/electron-debug-1.4.0.tgz",
      "integrity": "sha1-vscAVSIiCp0GIhUzUuG7/w83ry4=",
      "requires": {
        "electron-is-dev": "0.3.0",
        "electron-localshortcut": "3.0.2"
      }
    },
    "electron-fetch": {
      "version": "1.1.0",
      "resolved": "http://registry.npm.taobao.org/electron-fetch/download/electron-fetch-1.1.0.tgz",
      "integrity": "sha1-dLDqVH/hSWINOFlqhPsQTTQhjjE=",
      "requires": {
        "encoding": "0.1.12"
      }
    },
    "electron-is": {
      "version": "2.4.0",
      "resolved": "http://registry.npm.taobao.org/electron-is/download/electron-is-2.4.0.tgz",
      "integrity": "sha1-afZWB9fSZOoKR21VIZCqKwGGX1I=",
      "requires": {
        "electron-is-dev": "0.1.2",
        "semver": "5.4.1"
      },
      "dependencies": {
        "electron-is-dev": {
          "version": "0.1.2",
          "resolved": "http://registry.npm.taobao.org/electron-is-dev/download/electron-is-dev-0.1.2.tgz",
          "integrity": "sha1-ihBD4ys6HaHD9VPc4oznZCRhZ+M="
        }
      }
    },
    "electron-is-accelerator": {
      "version": "0.1.2",
      "resolved": "http://registry.npm.taobao.org/electron-is-accelerator/download/electron-is-accelerator-0.1.2.tgz",
      "integrity": "sha1-UJ5RDCala1Xhf4Y6SwThEYRqsns="
    },
    "electron-is-dev": {
      "version": "0.3.0",
      "resolved": "http://registry.npm.taobao.org/electron-is-dev/download/electron-is-dev-0.3.0.tgz",
      "integrity": "sha1-FOb9pcaOnk7L7/nM8DfL18BcWv4="
    },
    "electron-localshortcut": {
      "version": "3.0.2",
      "resolved": "http://registry.npm.taobao.org/electron-localshortcut/download/electron-localshortcut-3.0.2.tgz",
      "integrity": "sha1-35zr5kFA9OWLaAqssr1ieK447mE=",
      "requires": {
        "debug": "2.6.9",
        "electron-is-accelerator": "0.1.2",
        "keyboardevent-from-electron-accelerator": "0.7.1",
        "keyboardevents-areequal": "0.2.2"
      }
    },
    "electron-log": {
      "version": "2.2.13",
      "resolved": "http://registry.npm.taobao.org/electron-log/download/electron-log-2.2.13.tgz",
      "integrity": "sha1-FVccppVIT+w53bmzqf9ug+Kg2YA="
    },
    "encoding": {
      "version": "0.1.12",
      "resolved": "http://registry.npm.taobao.org/encoding/download/encoding-0.1.12.tgz",
      "integrity": "sha1-U4tm8+5izRq1HsMjgp0flIDHS+s=",
      "requires": {
        "iconv-lite": "0.4.19"
      }
    },
    "env-paths": {
      "version": "1.0.0",
      "resolved": "http://registry.npm.taobao.org/env-paths/download/env-paths-1.0.0.tgz",
      "integrity": "sha1-QWgTO0K7BcOKNbGuQ5fIKYqzaeA="
    },
    "find-up": {
      "version": "2.1.0",
      "resolved": "http://registry.npm.taobao.org/find-up/download/find-up-2.1.0.tgz",
      "integrity": "sha1-RdG35QbHF93UgndaK3eSCjwMV6c=",
      "requires": {
        "locate-path": "2.0.0"
      }
    },
    "graceful-fs": {
      "version": "4.1.11",
      "resolved": "http://registry.npm.taobao.org/graceful-fs/download/graceful-fs-4.1.11.tgz",
      "integrity": "sha1-Dovf5NHduIVNZOBOp8AOKgJuVlg="
    },
    "iconv-lite": {
      "version": "0.4.19",
      "resolved": "http://registry.npm.taobao.org/iconv-lite/download/iconv-lite-0.4.19.tgz",
      "integrity": "sha1-90aPYBNfXl2tM5nAqBvpoWA6CCs="
    },
    "imurmurhash": {
      "version": "0.1.4",
      "resolved": "http://registry.npm.taobao.org/imurmurhash/download/imurmurhash-0.1.4.tgz",
      "integrity": "sha1-khi5srkoojixPcT7a21XbyMUU+o="
    },
    "is-obj": {
      "version": "1.0.1",
      "resolved": "http://registry.npm.taobao.org/is-obj/download/is-obj-1.0.1.tgz",
      "integrity": "sha1-PkcprB9f3gJc19g6iW2rn09n2w8="
    },
    "keyboardevent-from-electron-accelerator": {
      "version": "0.7.1",
      "resolved": "http://registry.npm.taobao.org/keyboardevent-from-electron-accelerator/download/keyboardevent-from-electron-accelerator-0.7.1.tgz",
      "integrity": "sha1-rtr6XMmjpfPyt8iLL/1AV1aBGOc="
    },
    "keyboardevents-areequal": {
      "version": "0.2.2",
      "resolved": "http://registry.npm.taobao.org/keyboardevents-areequal/download/keyboardevents-areequal-0.2.2.tgz",
      "integrity": "sha1-iBkexzjOn3WRwl6QVt6Si0AncZQ="
    },
    "locate-path": {
      "version": "2.0.0",
      "resolved": "http://registry.npm.taobao.org/locate-path/download/locate-path-2.0.0.tgz",
      "integrity": "sha1-K1aLJl7slExtnA3pw9u7ygNUzY4=",
      "requires": {
        "p-locate": "2.0.0",
        "path-exists": "3.0.0"
      }
    },
    "make-dir": {
      "version": "1.1.0",
      "resolved": "http://registry.npm.taobao.org/make-dir/download/make-dir-1.1.0.tgz",
      "integrity": "sha1-GbQ2n+SMEW9Twq+VrRAsDjnoXVE=",
      "requires": {
        "pify": "3.0.0"
      }
    },
    "ms": {
      "version": "2.0.0",
      "resolved": "http://registry.npm.taobao.org/ms/download/ms-2.0.0.tgz",
      "integrity": "sha1-VgiurfwAvmwpAd9fmGF4jeDVl8g="
    },
    "p-limit": {
      "version": "1.1.0",
      "resolved": "http://registry.npm.taobao.org/p-limit/download/p-limit-1.1.0.tgz",
      "integrity": "sha1-sH/y2aXYi+yAYDWJWiurZqJ5iLw="
    },
    "p-locate": {
      "version": "2.0.0",
      "resolved": "http://registry.npm.taobao.org/p-locate/download/p-locate-2.0.0.tgz",
      "integrity": "sha1-IKAQOyIqcMj9OcwuWAaA893l7EM=",
      "requires": {
        "p-limit": "1.1.0"
      }
    },
    "path-exists": {
      "version": "3.0.0",
      "resolved": "http://registry.npm.taobao.org/path-exists/download/path-exists-3.0.0.tgz",
      "integrity": "sha1-zg6+ql94yxiSXqfYENe1mwEP1RU="
    },
    "pify": {
      "version": "3.0.0",
      "resolved": "http://registry.npm.taobao.org/pify/download/pify-3.0.0.tgz",
      "integrity": "sha1-5aSs0sEB/fPZpNB/DbxNtJ3SgXY="
    },
    "pkg-up": {
      "version": "2.0.0",
      "resolved": "http://registry.npm.taobao.org/pkg-up/download/pkg-up-2.0.0.tgz",
      "integrity": "sha1-yBmscoBZpGHKscOImivjxJoATX8=",
      "requires": {
        "find-up": "2.1.0"
      }
    },
    "semver": {
      "version": "5.4.1",
      "resolved": "http://registry.npm.taobao.org/semver/download/semver-5.4.1.tgz",
      "integrity": "sha1-4FnAnYVx8FQII3M0M1BdOi8AsY4="
    },
    "signal-exit": {
      "version": "3.0.2",
      "resolved": "http://registry.npm.taobao.org/signal-exit/download/signal-exit-3.0.2.tgz",
      "integrity": "sha1-tf3AjxKH6hF4Yo5BXiUTK3NkbG0="
    },
    "write-file-atomic": {
      "version": "2.3.0",
      "resolved": "http://registry.npm.taobao.org/write-file-atomic/download/write-file-atomic-2.3.0.tgz",
      "integrity": "sha1-H/YVdcLipOjlENb6TiQ8zhg5mas=",
      "requires": {
        "graceful-fs": "4.1.11",
        "imurmurhash": "0.1.4",
        "signal-exit": "3.0.2"
      }
    }
  }
}
